// !$*UTF8*$!
{
	archiveVersion = 1;
	classes = {
	};
	objectVersion = 55;
	objects = {

/* Begin PBXBuildFile section */
		8294F84E2677F4B700847C22 /* AsyncImageView.swift in Sources */ = {isa = PBXBuildFile; fileRef = 8294F84D2677F4B700847C22 /* AsyncImageView.swift */; };
		82C37272267390570026F773 /* MyiOS15App.swift in Sources */ = {isa = PBXBuildFile; fileRef = 82C37271267390570026F773 /* MyiOS15App.swift */; };
		82C37274267390570026F773 /* ContentView.swift in Sources */ = {isa = PBXBuildFile; fileRef = 82C37273267390570026F773 /* ContentView.swift */; };
		82C37276267390590026F773 /* Assets.xcassets in Resources */ = {isa = PBXBuildFile; fileRef = 82C37275267390590026F773 /* Assets.xcassets */; };
		82C37279267390590026F773 /* Preview Assets.xcassets in Resources */ = {isa = PBXBuildFile; fileRef = 82C37278267390590026F773 /* Preview Assets.xcassets */; };
		82C37283267390590026F773 /* MyiOS15Tests.swift in Sources */ = {isa = PBXBuildFile; fileRef = 82C37282267390590026F773 /* MyiOS15Tests.swift */; };
		82C3728D267390590026F773 /* MyiOS15UITests.swift in Sources */ = {isa = PBXBuildFile; fileRef = 82C3728C267390590026F773 /* MyiOS15UITests.swift */; };
/* End PBXBuildFile section */

/* Begin PBXContainerItemProxy section */
		82C3727F267390590026F773 /* PBXContainerItemProxy */ = {
			isa = PBXContainerItemProxy;
			containerPortal = 82C37266267390560026F773 /* Project object */;
			proxyType = 1;
			remoteGlobalIDString = 82C3726D267390570026F773;
			remoteInfo = MyiOS15;
		};
		82C37289267390590026F773 /* PBXContainerItemProxy */ = {
			isa = PBXContainerItemProxy;
			containerPortal = 82C37266267390560026F773 /* Project object */;
			proxyType = 1;
			remoteGlobalIDString = 82C3726D267390570026F773;
			remoteInfo = MyiOS15;
		};
/* End PBXContainerItemProxy section */

/* Begin PBXFileReference section */
		8294F84D2677F4B700847C22 /* AsyncImageView.swift */ = {isa = PBXFileReference; lastKnownFileType = sourcecode.swift; path = AsyncImageView.swift; sourceTree = "<group>"; };
		82C3726E267390570026F773 /* MyiOS15.app */ = {isa = PBXFileReference; explicitFileType = wrapper.application; includeInIndex = 0; path = MyiOS15.app; sourceTree = BUILT_PRODUCTS_DIR; };
		82C37271267390570026F773 /* MyiOS15App.swift */ = {isa = PBXFileReference; lastKnownFileType = sourcecode.swift; path = MyiOS15App.swift; sourceTree = "<group>"; };
		82C37273267390570026F773 /* ContentView.swift */ = {isa = PBXFileReference; lastKnownFileType = sourcecode.swift; path = ContentView.swift; sourceTree = "<group>"; };
		82C37275267390590026F773 /* Assets.xcassets */ = {isa = PBXFileReference; lastKnownFileType = folder.assetcatalog; path = Assets.xcassets; sourceTree = "<group>"; };
		82C37278267390590026F773 /* Preview Assets.xcassets */ = {isa = PBXFileReference; lastKnownFileType = folder.assetcatalog; path = "Preview Assets.xcassets"; sourceTree = "<group>"; };
		82C3727E267390590026F773 /* MyiOS15Tests.xctest */ = {isa = PBXFileReference; explicitFileType = wrapper.cfbundle; includeInIndex = 0; path = MyiOS15Tests.xctest; sourceTree = BUILT_PRODUCTS_DIR; };
		82C37282267390590026F773 /* MyiOS15Tests.swift */ = {isa = PBXFileReference; lastKnownFileType = sourcecode.swift; path = MyiOS15Tests.swift; sourceTree = "<group>"; };
		82C37288267390590026F773 /* MyiOS15UITests.xctest */ = {isa = PBXFileReference; explicitFileType = wrapper.cfbundle; includeInIndex = 0; path = MyiOS15UITests.xctest; sourceTree = BUILT_PRODUCTS_DIR; };
		82C3728C267390590026F773 /* MyiOS15UITests.swift */ = {isa = PBXFileReference; lastKnownFileType = sourcecode.swift; path = MyiOS15UITests.swift; sourceTree = "<group>"; };
/* End PBXFileReference section */

/* Begin PBXFrameworksBuildPhase section */
		82C3726B267390570026F773 /* Frameworks */ = {
			isa = PBXFrameworksBuildPhase;
			buildActionMask = 2147483647;
			files = (
			);
			runOnlyForDeploymentPostprocessing = 0;
		};
		82C3727B267390590026F773 /* Frameworks */ = {
			isa = PBXFrameworksBuildPhase;
			buildActionMask = 2147483647;
			files = (
			);
			runOnlyForDeploymentPostprocessing = 0;
		};
		82C37285267390590026F773 /* Frameworks */ = {
			isa = PBXFrameworksBuildPhase;
			buildActionMask = 2147483647;
			files = (
			);
			runOnlyForDeploymentPostprocessing = 0;
		};
/* End PBXFrameworksBuildPhase section */

/* Begin PBXGroup section */
		82C37265267390560026F773 = {
			isa = PBXGroup;
			children = (
				82C37270267390570026F773 /* MyiOS15 */,
				82C37281267390590026F773 /* MyiOS15Tests */,
				82C3728B267390590026F773 /* MyiOS15UITests */,
				82C3726F267390570026F773 /* Products */,
			);
			sourceTree = "<group>";
		};
		82C3726F267390570026F773 /* Products */ = {
			isa = PBXGroup;
			children = (
				82C3726E267390570026F773 /* MyiOS15.app */,
				82C3727E267390590026F773 /* MyiOS15Tests.xctest */,
				82C37288267390590026F773 /* MyiOS15UITests.xctest */,
			);
			name = Products;
			sourceTree = "<group>";
		};
		82C37270267390570026F773 /* MyiOS15 */ = {
			isa = PBXGroup;
			children = (
				82C37271267390570026F773 /* MyiOS15App.swift */,
				82C37273267390570026F773 /* ContentView.swift */,
				8294F84D2677F4B700847C22 /* AsyncImageView.swift */,
				82C37275267390590026F773 /* Assets.xcassets */,
				82C37277267390590026F773 /* Preview Content */,
			);
			path = MyiOS15;
			sourceTree = "<group>";
		};
		82C37277267390590026F773 /* Preview Content */ = {
			isa = PBXGroup;
			children = (
				82C37278267390590026F773 /* Preview Assets.xcassets */,
			);
			path = "Preview Content";
			sourceTree = "<group>";
		};
		82C37281267390590026F773 /* MyiOS15Tests */ = {
			isa = PBXGroup;
			children = (
				82C37282267390590026F773 /* MyiOS15Tests.swift */,
			);
			path = MyiOS15Tests;
			sourceTree = "<group>";
		};
		82C3728B267390590026F773 /* MyiOS15UITests */ = {
			isa = PBXGroup;
			children = (
				82C3728C267390590026F773 /* MyiOS15UITests.swift */,
			);
			path = MyiOS15UITests;
			sourceTree = "<group>";
		};
/* End PBXGroup section */

/* Begin PBXNativeTarget section */
		82C3726D267390570026F773 /* MyiOS15 */ = {
			isa = PBXNativeTarget;
			buildConfigurationList = 82C37290267390590026F773 /* Build configuration list for PBXNativeTarget "MyiOS15" */;
			buildPhases = (
				82C3726A267390570026F773 /* Sources */,
				82C3726B267390570026F773 /* Frameworks */,
				82C3726C267390570026F773 /* Resources */,
			);
			buildRules = (
			);
			dependencies = (
			);
			name = MyiOS15;
			productName = MyiOS15;
			productReference = 82C3726E267390570026F773 /* MyiOS15.app */;
			productType = "com.apple.product-type.application";
		};
		82C3727D267390590026F773 /* MyiOS15Tests */ = {
			isa = PBXNativeTarget;
			buildConfigurationList = 82C37293267390590026F773 /* Build configuration list for PBXNativeTarget "MyiOS15Tests" */;
			buildPhases = (
				82C3727A267390590026F773 /* Sources */,
				82C3727B267390590026F773 /* Frameworks */,
				82C3727C267390590026F773 /* Resources */,
			);
			buildRules = (
			);
			dependencies = (
				82C37280267390590026F773 /* PBXTargetDependency */,
			);
			name = MyiOS15Tests;
			productName = MyiOS15Tests;
			productReference = 82C3727E267390590026F773 /* MyiOS15Tests.xctest */;
			productType = "com.apple.product-type.bundle.unit-test";
		};
		82C37287267390590026F773 /* MyiOS15UITests */ = {
			isa = PBXNativeTarget;
			buildConfigurationList = 82C37296267390590026F773 /* Build configuration list for PBXNativeTarget "MyiOS15UITests" */;
			buildPhases = (
				82C37284267390590026F773 /* Sources */,
				82C37285267390590026F773 /* Frameworks */,
				82C37286267390590026F773 /* Resources */,
			);
			buildRules = (
			);
			dependencies = (
				82C3728A267390590026F773 /* PBXTargetDependency */,
			);
			name = MyiOS15UITests;
			productName = MyiOS15UITests;
			productReference = 82C37288267390590026F773 /* MyiOS15UITests.xctest */;
			productType = "com.apple.product-type.bundle.ui-testing";
		};
/* End PBXNativeTarget section */

/* Begin PBXProject section */
		82C37266267390560026F773 /* Project object */ = {
			isa = PBXProject;
			attributes = {
				BuildIndependentTargetsInParallel = 1;
				LastSwiftUpdateCheck = 1300;
				LastUpgradeCheck = 1300;
				TargetAttributes = {
					82C3726D267390570026F773 = {
						CreatedOnToolsVersion = 13.0;
					};
					82C3727D267390590026F773 = {
						CreatedOnToolsVersion = 13.0;
						TestTargetID = 82C3726D267390570026F773;
					};
					82C37287267390590026F773 = {
						CreatedOnToolsVersion = 13.0;
						TestTargetID = 82C3726D267390570026F773;
					};
				};
			};
			buildConfigurationList = 82C37269267390570026F773 /* Build configuration list for PBXProject "MyiOS15" */;
			compatibilityVersion = "Xcode 13.0";
			developmentRegion = en;
			hasScannedForEncodings = 0;
			knownRegions = (
				en,
				Base,
			);
			mainGroup = 82C37265267390560026F773;
			productRefGroup = 82C3726F267390570026F773 /* Products */;
			projectDirPath = "";
			projectRoot = "";
			targets = (
				82C3726D267390570026F773 /* MyiOS15 */,
				82C3727D267390590026F773 /* MyiOS15Tests */,
				82C37287267390590026F773 /* MyiOS15UITests */,
			);
		};
/* End PBXProject section */

/* Begin PBXResourcesBuildPhase section */
		82C3726C267390570026F773 /* Resources */ = {
			isa = PBXResourcesBuildPhase;
			buildActionMask = 2147483647;
			files = (
				82C37279267390590026F773 /* Preview Assets.xcassets in Resources */,
				82C37276267390590026F773 /* Assets.xcassets in Resources */,
			);
			runOnlyForDeploymentPostprocessing = 0;
		};
		82C3727C267390590026F773 /* Resources */ = {
			isa = PBXResourcesBuildPhase;
			buildActionMask = 2147483647;
			files = (
			);
			runOnlyForDeploymentPostprocessing = 0;
		};
		82C37286267390590026F773 /* Resources */ = {
			isa = PBXResourcesBuildPhase;
			buildActionMask = 2147483647;
			files = (
			);
			runOnlyForDeploymentPostprocessing = 0;
		};
/* End PBXResourcesBuildPhase section */

/* Begin PBXSourcesBuildPhase section */
		82C3726A267390570026F773 /* Sources */ = {
			isa = PBXSourcesBuildPhase;
			buildActionMask = 2147483647;
			files = (
				82C37274267390570026F773 /* ContentView.swift in Sources */,
				82C37272267390570026F773 /* MyiOS15App.swift in Sources */,
				8294F84E2677F4B700847C22 /* AsyncImageView.swift in Sources */,
			);
			runOnlyForDeploymentPostprocessing = 0;
		};
		82C3727A267390590026F773 /* Sources */ = {
			isa = PBXSourcesBuildPhase;
			buildActionMask = 2147483647;
			files = (
				82C37283267390590026F773 /* MyiOS15Tests.swift in Sources */,
			);
			runOnlyForDeploymentPostprocessing = 0;
		};
		82C37284267390590026F773 /* Sources */ = {
			isa = PBXSourcesBuildPhase;
			buildActionMask = 2147483647;
			files = (
				82C3728D267390590026F773 /* MyiOS15UITests.swift in Sources */,
			);
			runOnlyForDeploymentPostprocessing = 0;
		};
/* End PBXSourcesBuildPhase section */

/* Begin PBXTargetDependency section */
		82C37280267390590026F773 /* PBXTargetDependency */ = {
			isa = PBXTargetDependency;
			target = 82C3726D267390570026F773 /* MyiOS15 */;
			targetProxy = 82C3727F267390590026F773 /* PBXContainerItemProxy */;
		};
		82C3728A267390590026F773 /* PBXTargetDependency */ = {
			isa = PBXTargetDependency;
			target = 82C3726D267390570026F773 /* MyiOS15 */;
			targetProxy = 82C37289267390590026F773 /* PBXContainerItemProxy */;
		};
/* End PBXTargetDependency section */

/* Begin XCBuildConfiguration section */
		82C3728E267390590026F773 /* Debug */ = {
			isa = XCBuildConfiguration;
			buildSettings = {
				ALWAYS_SEARCH_USER_PATHS = NO;
				CLANG_ANALYZER_NONNULL = YES;
				CLANG_ANALYZER_NUMBER_OBJECT_CONVERSION = YES_AGGRESSIVE;
				CLANG_CXX_LANGUAGE_STANDARD = "gnu++14";
				CLANG_CXX_LIBRARY = "libc++";
				CLANG_ENABLE_MODULES = YES;
				CLANG_ENABLE_OBJC_ARC = YES;
				CLANG_ENABLE_OBJC_WEAK = YES;
				CLANG_WARN_BLOCK_CAPTURE_AUTORELEASING = YES;
				CLANG_WARN_BOOL_CONVERSION = YES;
				CLANG_WARN_COMMA = YES;
				CLANG_WARN_CONSTANT_CONVERSION = YES;
				CLANG_WARN_DEPRECATED_OBJC_IMPLEMENTATIONS = YES;
				CLANG_WARN_DIRECT_OBJC_ISA_USAGE = YES_ERROR;
				CLANG_WARN_DOCUMENTATION_COMMENTS = YES;
				CLANG_WARN_EMPTY_BODY = YES;
				CLANG_WARN_ENUM_CONVERSION = YES;
				CLANG_WARN_INFINITE_RECURSION = YES;
				CLANG_WARN_INT_CONVERSION = YES;
				CLANG_WARN_NON_LITERAL_NULL_CONVERSION = YES;
				CLANG_WARN_OBJC_IMPLICIT_RETAIN_SELF = YES;
				CLANG_WARN_OBJC_LITERAL_CONVERSION = YES;
				CLANG_WARN_OBJC_ROOT_CLASS = YES_ERROR;
				CLANG_WARN_QUOTED_INCLUDE_IN_FRAMEWORK_HEADER = YES;
				CLANG_WARN_RANGE_LOOP_ANALYSIS = YES;
				CLANG_WARN_STRICT_PROTOTYPES = YES;
				CLANG_WARN_SUSPICIOUS_MOVE = YES;
				CLANG_WARN_UNGUARDED_AVAILABILITY = YES_AGGRESSIVE;
				CLANG_WARN_UNREACHABLE_CODE = YES;
				CLANG_WARN__DUPLICATE_METHOD_MATCH = YES;
				COPY_PHASE_STRIP = NO;
				DEBUG_INFORMATION_FORMAT = dwarf;
				ENABLE_STRICT_OBJC_MSGSEND = YES;
				ENABLE_TESTABILITY = YES;
				GCC_C_LANGUAGE_STANDARD = gnu11;
				GCC_DYNAMIC_NO_PIC = NO;
				GCC_NO_COMMON_BLOCKS = YES;
				GCC_OPTIMIZATION_LEVEL = 0;
				GCC_PREPROCESSOR_DEFINITIONS = (
					"DEBUG=1",
					"$(inherited)",
				);
				GCC_WARN_64_TO_32_BIT_CONVERSION = YES;
				GCC_WARN_ABOUT_RETURN_TYPE = YES_ERROR;
				GCC_WARN_UNDECLARED_SELECTOR = YES;
				GCC_WARN_UNINITIALIZED_AUTOS = YES_AGGRESSIVE;
				GCC_WARN_UNUSED_FUNCTION = YES;
				GCC_WARN_UNUSED_VARIABLE = YES;
				IPHONEOS_DEPLOYMENT_TARGET = 15.0;
				MTL_ENABLE_DEBUG_INFO = INCLUDE_SOURCE;
				MTL_FAST_MATH = YES;
				ONLY_ACTIVE_ARCH = YES;
				SDKROOT = iphoneos;
				SWIFT_ACTIVE_COMPILATION_CONDITIONS = DEBUG;
				SWIFT_OPTIMIZATION_LEVEL = "-Onone";
			};
			name = Debug;
		};
		82C3728F267390590026F773 /* Release */ = {
			isa = XCBuildConfiguration;
			buildSettings = {
				ALWAYS_SEARCH_USER_PATHS = NO;
				CLANG_ANALYZER_NONNULL = YES;
				CLANG_ANALYZER_NUMBER_OBJECT_CONVERSION = YES_AGGRESSIVE;
				CLANG_CXX_LANGUAGE_STANDARD = "gnu++14";
				CLANG_CXX_LIBRARY = "libc++";
				CLANG_ENABLE_MODULES = YES;
				CLANG_ENABLE_OBJC_ARC = YES;
				CLANG_ENABLE_OBJC_WEAK = YES;
				CLANG_WARN_BLOCK_CAPTURE_AUTORELEASING = YES;
				CLANG_WARN_BOOL_CONVERSION = YES;
				CLANG_WARN_COMMA = YES;
				CLANG_WARN_CONSTANT_CONVERSION = YES;
				CLANG_WARN_DEPRECATED_OBJC_IMPLEMENTATIONS = YES;
				CLANG_WARN_DIRECT_OBJC_ISA_USAGE = YES_ERROR;
				CLANG_WARN_DOCUMENTATION_COMMENTS = YES;
				CLANG_WARN_EMPTY_BODY = YES;
				CLANG_WARN_ENUM_CONVERSION = YES;
				CLANG_WARN_INFINITE_RECURSION = YES;
				CLANG_WARN_INT_CONVERSION = YES;
				CLANG_WARN_NON_LITERAL_NULL_CONVERSION = YES;
				CLANG_WARN_OBJC_IMPLICIT_RETAIN_SELF = YES;
				CLANG_WARN_OBJC_LITERAL_CONVERSION = YES;
				CLANG_WARN_OBJC_ROOT_CLASS = YES_ERROR;
				CLANG_WARN_QUOTED_INCLUDE_IN_FRAMEWORK_HEADER = YES;
				CLANG_WARN_RANGE_LOOP_ANALYSIS = YES;
				CLANG_WARN_STRICT_PROTOTYPES = YES;
				CLANG_WARN_SUSPICIOUS_MOVE = YES;
				CLANG_WARN_UNGUARDED_AVAILABILITY = YES_AGGRESSIVE;
				CLANG_WARN_UNREACHABLE_CODE = YES;
				CLANG_WARN__DUPLICATE_METHOD_MATCH = YES;
				COPY_PHASE_STRIP = NO;
				DEBUG_INFORMATION_FORMAT = "dwarf-with-dsym";
				ENABLE_NS_ASSERTIONS = NO;
				ENABLE_STRICT_OBJC_MSGSEND = YES;
				GCC_C_LANGUAGE_STANDARD = gnu11;
				GCC_NO_COMMON_BLOCKS = YES;
				GCC_WARN_64_TO_32_BIT_CONVERSION = YES;
				GCC_WARN_ABOUT_RETURN_TYPE = YES_ERROR;
				GCC_WARN_UNDECLARED_SELECTOR = YES;
				GCC_WARN_UNINITIALIZED_AUTOS = YES_AGGRESSIVE;
				GCC_WARN_UNUSED_FUNCTION = YES;
				GCC_WARN_UNUSED_VARIABLE = YES;
				IPHONEOS_DEPLOYMENT_TARGET = 15.0;
				MTL_ENABLE_DEBUG_INFO = NO;
				MTL_FAST_MATH = YES;
				SDKROOT = iphoneos;
				SWIFT_COMPILATION_MODE = wholemodule;
				SWIFT_OPTIMIZATION_LEVEL = "-O";
				VALIDATE_PRODUCT = YES;
			};
			name = Release;
		};
		82C37291267390590026F773 /* Debug */ = {
			isa = XCBuildConfiguration;
			buildSettings = {
				ASSETCATALOG_COMPILER_APPICON_NAME = AppIcon;
				ASSETCATALOG_COMPILER_GLOBAL_ACCENT_COLOR_NAME = AccentColor;
				CODE_SIGN_STYLE = Automatic;
				CURRENT_PROJECT_VERSION = 1;
				DEVELOPMENT_ASSET_PATHS = "\"MyiOS15/Preview Content\"";
				DEVELOPMENT_TEAM = 9C9R36NYWY;
				ENABLE_PREVIEWS = YES;
				GENERATE_INFOPLIST_FILE = YES;
				INFOPLIST_KEY_UIApplicationSceneManifest_Generation = YES;
				INFOPLIST_KEY_UIApplicationSupportsIndirectInputEvents = YES;
				INFOPLIST_KEY_UILaunchScreen_Generation = YES;
				INFOPLIST_KEY_UISupportedInterfaceOrientations_iPad = "UIInterfaceOrientationPortrait UIInterfaceOrientationPortraitUpsideDown UIInterfaceOrientationLandscapeLeft UIInterfaceOrientationLandscapeRight";
				INFOPLIST_KEY_UISupportedInterfaceOrientations_iPhone = "UIInterfaceOrientationPortrait UIInterfaceOrientationLandscapeLeft UIInterfaceOrientationLandscapeRight";
				IPHONEOS_DEPLOYMENT_TARGET = 15.0;
				LD_RUNPATH_SEARCH_PATHS = (
					"$(inherited)",
					"@executable_path/Frameworks",
				);
				MARKETING_VERSION = 1.0;
				PRODUCT_BUNDLE_IDENTIFIER = com.cedo.commonworldinc.MyiOS15;
				PRODUCT_NAME = "$(TARGET_NAME)";
				SWIFT_EMIT_LOC_STRINGS = YES;
				SWIFT_VERSION = 5.0;
				TARGETED_DEVICE_FAMILY = "1,2";
			};
			name = Debug;
		};
		82C37292267390590026F773 /* Release */ = {
			isa = XCBuildConfiguration;
			buildSettings = {
				ASSETCATALOG_COMPILER_APPICON_NAME = AppIcon;
				ASSETCATALOG_COMPILER_GLOBAL_ACCENT_COLOR_NAME = AccentColor;
				CODE_SIGN_STYLE = Automatic;
				CURRENT_PROJECT_VERSION = 1;
				DEVELOPMENT_ASSET_PATHS = "\"MyiOS15/Preview Content\"";
				DEVELOPMENT_TEAM = 9C9R36NYWY;
				ENABLE_PREVIEWS = YES;
				GENERATE_INFOPLIST_FILE = YES;
				INFOPLIST_KEY_UIApplicationSceneManifest_Generation = YES;
				INFOPLIST_KEY_UIApplicationSupportsIndirectInputEvents = YES;
				INFOPLIST_KEY_UILaunchScreen_Generation = YES;
				INFOPLIST_KEY_UISupportedInterfaceOrientations_iPad = "UIInterfaceOrientationPortrait UIInterfaceOrientationPortraitUpsideDown UIInterfaceOrientationLandscapeLeft UIInterfaceOrientationLandscapeRight";
				INFOPLIST_KEY_UISupportedInterfaceOrientations_iPhone = "UIInterfaceOrientationPortrait UIInterfaceOrientationLandscapeLeft UIInterfaceOrientationLandscapeRight";
				IPHONEOS_DEPLOYMENT_TARGET = 15.0;
				LD_RUNPATH_SEARCH_PATHS = (
					"$(inherited)",
					"@executable_path/Frameworks",
				);
				MARKETING_VERSION = 1.0;
				PRODUCT_BUNDLE_IDENTIFIER = com.cedo.commonworldinc.MyiOS15;
				PRODUCT_NAME = "$(TARGET_NAME)";
				SWIFT_EMIT_LOC_STRINGS = YES;
				SWIFT_VERSION = 5.0;
				TARGETED_DEVICE_FAMILY = "1,2";
			};
			name = Release;
		};
		82C37294267390590026F773 /* Debug */ = {
			isa = XCBuildConfiguration;
			buildSettings = {
				ALWAYS_EMBED_SWIFT_STANDARD_LIBRARIES = YES;
				BUNDLE_LOADER = "$(TEST_HOST)";
				CODE_SIGN_STYLE = Automatic;
				CURRENT_PROJECT_VERSION = 1;
				DEVELOPMENT_TEAM = 9C9R36NYWY;
				GENERATE_INFOPLIST_FILE = YES;
				IPHONEOS_DEPLOYMENT_TARGET = 14.0;
				LD_RUNPATH_SEARCH_PATHS = (
					"$(inherited)",
					"@executable_path/Frameworks",
					"@loader_path/Frameworks",
				);
				MARKETING_VERSION = 1.0;
				PRODUCT_BUNDLE_IDENTIFIER = com.cedo.commonworldinc.MyiOS15Tests;
				PRODUCT_NAME = "$(TARGET_NAME)";
				SWIFT_EMIT_LOC_STRINGS = NO;
				SWIFT_VERSION = 5.0;
				TARGETED_DEVICE_FAMILY = "1,2";
				TEST_HOST = "$(BUILT_PRODUCTS_DIR)/MyiOS15.app/MyiOS15";
			};
			name = Debug;
		};
		82C37295267390590026F773 /* Release */ = {
			isa = XCBuildConfiguration;
			buildSettings = {
				ALWAYS_EMBED_SWIFT_STANDARD_LIBRARIES = YES;
				BUNDLE_LOADER = "$(TEST_HOST)";
				CODE_SIGN_STYLE = Automatic;
				CURRENT_PROJECT_VERSION = 1;
				DEVELOPMENT_TEAM = 9C9R36NYWY;
				GENERATE_INFOPLIST_FILE = YES;
				IPHONEOS_DEPLOYMENT_TARGET = 14.0;
				LD_RUNPATH_SEARCH_PATHS = (
					"$(inherited)",
					"@executable_path/Frameworks",
					"@loader_path/Frameworks",
				);
				MARKETING_VERSION = 1.0;
				PRODUCT_BUNDLE_IDENTIFIER = com.cedo.commonworldinc.MyiOS15Tests;
				PRODUCT_NAME = "$(TARGET_NAME)";
				SWIFT_EMIT_LOC_STRINGS = NO;
				SWIFT_VERSION = 5.0;
				TARGETED_DEVICE_FAMILY = "1,2";
				TEST_HOST = "$(BUILT_PRODUCTS_DIR)/MyiOS15.app/MyiOS15";
			};
			name = Release;
		};
		82C37297267390590026F773 /* Debug */ = {
			isa = XCBuildConfiguration;
			buildSettings = {
				ALWAYS_EMBED_SWIFT_STANDARD_LIBRARIES = YES;
				CODE_SIGN_STYLE = Automatic;
				CURRENT_PROJECT_VERSION = 1;
				DEVELOPMENT_TEAM = 9C9R36NYWY;
				GENERATE_INFOPLIST_FILE = YES;
				LD_RUNPATH_SEARCH_PATHS = (
					"$(inherited)",
					"@executable_path/Frameworks",
					"@loader_path/Frameworks",
				);
				MARKETING_VERSION = 1.0;
				PRODUCT_BUNDLE_IDENTIFIER = com.cedo.commonworldinc.MyiOS15UITests;
				PRODUCT_NAME = "$(TARGET_NAME)";
				SWIFT_EMIT_LOC_STRINGS = NO;
				SWIFT_VERSION = 5.0;
				TARGETED_DEVICE_FAMILY = "1,2";
				TEST_TARGET_NAME = MyiOS15;
			};
			name = Debug;
		};
		82C37298267390590026F773 /* Release */ = {
			isa = XCBuildConfiguration;
			buildSettings = {
				ALWAYS_EMBED_SWIFT_STANDARD_LIBRARIES = YES;
				CODE_SIGN_STYLE = Automatic;
				CURRENT_PROJECT_VERSION = 1;
				DEVELOPMENT_TEAM = 9C9R36NYWY;
				GENERATE_INFOPLIST_FILE = YES;
				LD_RUNPATH_SEARCH_PATHS = (
					"$(inherited)",
					"@executable_path/Frameworks",
					"@loader_path/Frameworks",
				);
				MARKETING_VERSION = 1.0;
				PRODUCT_BUNDLE_IDENTIFIER = com.cedo.commonworldinc.MyiOS15UITests;
				PRODUCT_NAME = "$(TARGET_NAME)";
				SWIFT_EMIT_LOC_STRINGS = NO;
				SWIFT_VERSION = 5.0;
				TARGETED_DEVICE_FAMILY = "1,2";
				TEST_TARGET_NAME = MyiOS15;
			};
			name = Release;
		};
/* End XCBuildConfiguration section */

/* Begin XCConfigurationList section */
		82C37269267390570026F773 /* Build configuration list for PBXProject "MyiOS15" */ = {
			isa = XCConfigurationList;
			buildConfigurations = (
				82C3728E267390590026F773 /* Debug */,
				82C3728F267390590026F773 /* Release */,
			);
			defaultConfigurationIsVisible = 0;
			defaultConfigurationName = Release;
		};
		82C37290267390590026F773 /* Build configuration list for PBXNativeTarget "MyiOS15" */ = {
			isa = XCConfigurationList;
			buildConfigurations = (
				82C37291267390590026F773 /* Debug */,
				82C37292267390590026F773 /* Release */,
			);
			defaultConfigurationIsVisible = 0;
			defaultConfigurationName = Release;
		};
		82C37293267390590026F773 /* Build configuration list for PBXNativeTarget "MyiOS15Tests" */ = {
			isa = XCConfigurationList;
			buildConfigurations = (
				82C37294267390590026F773 /* Debug */,
				82C37295267390590026F773 /* Release */,
			);
			defaultConfigurationIsVisible = 0;
			defaultConfigurationName = Release;
		};
		82C37296267390590026F773 /* Build configuration list for PBXNativeTarget "MyiOS15UITests" */ = {
			isa = XCConfigurationList;
			buildConfigurations = (
				82C37297267390590026F773 /* Debug */,
				82C37298267390590026F773 /* Release */,
			);
			defaultConfigurationIsVisible = 0;
			defaultConfigurationName = Release;
		};
/* End XCConfigurationList section */
	};
	rootObject = 82C37266267390560026F773 /* Project object */;
}
